// !$*UTF8*$!
{
	archiveVersion = 1;
	classes = {
	};
	objectVersion = 56;
	objects = {

/* Begin PBXBuildFile section */
		6D7AD8DD2C0409390012737F /* AppDelegate.swift in Sources */ = {isa = PBXBuildFile; fileRef = 6D7AD8DC2C0409390012737F /* AppDelegate.swift */; };
		6D7AD8DF2C0409390012737F /* SceneDelegate.swift in Sources */ = {isa = PBXBuildFile; fileRef = 6D7AD8DE2C0409390012737F /* SceneDelegate.swift */; };
		6D7AD8E12C0409390012737F /* ToDoViewController.swift in Sources */ = {isa = PBXBuildFile; fileRef = 6D7AD8E02C0409390012737F /* ToDoViewController.swift */; };
		6D7AD8E62C04093C0012737F /* Assets.xcassets in Resources */ = {isa = PBXBuildFile; fileRef = 6D7AD8E52C04093C0012737F /* Assets.xcassets */; };
		6D7AD8E92C04093C0012737F /* Base in Resources */ = {isa = PBXBuildFile; fileRef = 6D7AD8E82C04093C0012737F /* Base */; };
		6D7AD8F52C0410130012737F /* TaskTableViewCell.swift in Sources */ = {isa = PBXBuildFile; fileRef = 6D7AD8F42C0410130012737F /* TaskTableViewCell.swift */; };
		6D7AD8F82C04284A0012737F /* NewTaskView.swift in Sources */ = {isa = PBXBuildFile; fileRef = 6D7AD8F72C04284A0012737F /* NewTaskView.swift */; };
		6D7AD8FB2C04D7480012737F /* Extensions.swift in Sources */ = {isa = PBXBuildFile; fileRef = 6D7AD8FA2C04D7480012737F /* Extensions.swift */; };
		6D7AD91B2C04DD090012737F /* Rubik-Regular.ttf in Resources */ = {isa = PBXBuildFile; fileRef = 6D7AD9072C04DD090012737F /* Rubik-Regular.ttf */; };
		D32F21A1122925AD49EB31CE /* Pods_Minimal_To_do_List.framework in Frameworks */ = {isa = PBXBuildFile; fileRef = 07AA29098A9895880ADF5F8D /* Pods_Minimal_To_do_List.framework */; };
/* End PBXBuildFile section */

/* Begin PBXFileReference section */
		07AA29098A9895880ADF5F8D /* Pods_Minimal_To_do_List.framework */ = {isa = PBXFileReference; explicitFileType = wrapper.framework; includeInIndex = 0; path = Pods_Minimal_To_do_List.framework; sourceTree = BUILT_PRODUCTS_DIR; };
		55F52D90FBE20A06B1594B40 /* Pods-Minimal-To-do-List.release.xcconfig */ = {isa = PBXFileReference; includeInIndex = 1; lastKnownFileType = text.xcconfig; name = "Pods-Minimal-To-do-List.release.xcconfig"; path = "Target Support Files/Pods-Minimal-To-do-List/Pods-Minimal-To-do-List.release.xcconfig"; sourceTree = "<group>"; };
		6D7AD8D92C0409390012737F /* Minimal-To-do-List.app */ = {isa = PBXFileReference; explicitFileType = wrapper.application; includeInIndex = 0; path = "Minimal-To-do-List.app"; sourceTree = BUILT_PRODUCTS_DIR; };
		6D7AD8DC2C0409390012737F /* AppDelegate.swift */ = {isa = PBXFileReference; lastKnownFileType = sourcecode.swift; path = AppDelegate.swift; sourceTree = "<group>"; };
		6D7AD8DE2C0409390012737F /* SceneDelegate.swift */ = {isa = PBXFileReference; lastKnownFileType = sourcecode.swift; path = SceneDelegate.swift; sourceTree = "<group>"; };
		6D7AD8E02C0409390012737F /* ToDoViewController.swift */ = {isa = PBXFileReference; lastKnownFileType = sourcecode.swift; path = ToDoViewController.swift; sourceTree = "<group>"; };
		6D7AD8E52C04093C0012737F /* Assets.xcassets */ = {isa = PBXFileReference; lastKnownFileType = folder.assetcatalog; path = Assets.xcassets; sourceTree = "<group>"; };
		6D7AD8E82C04093C0012737F /* Base */ = {isa = PBXFileReference; lastKnownFileType = file.storyboard; name = Base; path = Base.lproj/LaunchScreen.storyboard; sourceTree = "<group>"; };
		6D7AD8EA2C04093C0012737F /* Info.plist */ = {isa = PBXFileReference; lastKnownFileType = text.plist.xml; path = Info.plist; sourceTree = "<group>"; };
		6D7AD8F42C0410130012737F /* TaskTableViewCell.swift */ = {isa = PBXFileReference; lastKnownFileType = sourcecode.swift; path = TaskTableViewCell.swift; sourceTree = "<group>"; };
		6D7AD8F72C04284A0012737F /* NewTaskView.swift */ = {isa = PBXFileReference; lastKnownFileType = sourcecode.swift; path = NewTaskView.swift; sourceTree = "<group>"; };
		6D7AD8FA2C04D7480012737F /* Extensions.swift */ = {isa = PBXFileReference; lastKnownFileType = sourcecode.swift; path = Extensions.swift; sourceTree = "<group>"; };
		6D7AD9072C04DD090012737F /* Rubik-Regular.ttf */ = {isa = PBXFileReference; lastKnownFileType = file; path = "Rubik-Regular.ttf"; sourceTree = "<group>"; };
		8B9476B429D3A24688F4CB0E /* Pods-Minimal-To-do-List.debug.xcconfig */ = {isa = PBXFileReference; includeInIndex = 1; lastKnownFileType = text.xcconfig; name = "Pods-Minimal-To-do-List.debug.xcconfig"; path = "Target Support Files/Pods-Minimal-To-do-List/Pods-Minimal-To-do-List.debug.xcconfig"; sourceTree = "<group>"; };
/* End PBXFileReference section */

/* Begin PBXFrameworksBuildPhase section */
		6D7AD8D62C0409390012737F /* Frameworks */ = {
			isa = PBXFrameworksBuildPhase;
			buildActionMask = 2147483647;
			files = (
				D32F21A1122925AD49EB31CE /* Pods_Minimal_To_do_List.framework in Frameworks */,
			);
			runOnlyForDeploymentPostprocessing = 0;
		};
/* End PBXFrameworksBuildPhase section */

/* Begin PBXGroup section */
		6D7AD8D02C0409390012737F = {
			isa = PBXGroup;
			children = (
				6D7AD8DB2C0409390012737F /* Minimal-To-do-List */,
				6D7AD8DA2C0409390012737F /* Products */,
				FFC56C470B3C19959025789B /* Pods */,
				CFC22C9DFAF7EB9373F9CBA5 /* Frameworks */,
			);
			sourceTree = "<group>";
		};
		6D7AD8DA2C0409390012737F /* Products */ = {
			isa = PBXGroup;
			children = (
				6D7AD8D92C0409390012737F /* Minimal-To-do-List.app */,
			);
			name = Products;
			sourceTree = "<group>";
		};
		6D7AD8DB2C0409390012737F /* Minimal-To-do-List */ = {
			isa = PBXGroup;
			children = (
				6D7AD8F32C040FE70012737F /* Views */,
				6D7AD8F22C0409F30012737F /* Controllers */,
				6D7AD8F92C04D7260012737F /* Helpers */,
				6D7AD8F12C0409DB0012737F /* Resources */,
				6D7AD8F02C0409C90012737F /* Delegates */,
			);
			path = "Minimal-To-do-List";
			sourceTree = "<group>";
		};
		6D7AD8F02C0409C90012737F /* Delegates */ = {
			isa = PBXGroup;
			children = (
				6D7AD8DE2C0409390012737F /* SceneDelegate.swift */,
				6D7AD8DC2C0409390012737F /* AppDelegate.swift */,
			);
			path = Delegates;
			sourceTree = "<group>";
		};
		6D7AD8F12C0409DB0012737F /* Resources */ = {
			isa = PBXGroup;
			children = (
				6D7AD8E72C04093C0012737F /* LaunchScreen.storyboard */,
				6D7AD8E52C04093C0012737F /* Assets.xcassets */,
				6D7AD8EA2C04093C0012737F /* Info.plist */,
			);
			path = Resources;
			sourceTree = "<group>";
		};
		6D7AD8F22C0409F30012737F /* Controllers */ = {
			isa = PBXGroup;
			children = (
				6D7AD8E02C0409390012737F /* ToDoViewController.swift */,
			);
			path = Controllers;
			sourceTree = "<group>";
		};
		6D7AD8F32C040FE70012737F /* Views */ = {
			isa = PBXGroup;
			children = (
				6D7AD8F42C0410130012737F /* TaskTableViewCell.swift */,
				6D7AD8F72C04284A0012737F /* NewTaskView.swift */,
			);
			path = Views;
			sourceTree = "<group>";
		};
		6D7AD8F92C04D7260012737F /* Helpers */ = {
			isa = PBXGroup;
			children = (
				6D7AD8FA2C04D7480012737F /* Extensions.swift */,
				6D7AD9072C04DD090012737F /* Rubik-Regular.ttf */,
			);
			path = Helpers;
			sourceTree = "<group>";
		};
		CFC22C9DFAF7EB9373F9CBA5 /* Frameworks */ = {
			isa = PBXGroup;
			children = (
				07AA29098A9895880ADF5F8D /* Pods_Minimal_To_do_List.framework */,
			);
			name = Frameworks;
			sourceTree = "<group>";
		};
		FFC56C470B3C19959025789B /* Pods */ = {
			isa = PBXGroup;
			children = (
				8B9476B429D3A24688F4CB0E /* Pods-Minimal-To-do-List.debug.xcconfig */,
				55F52D90FBE20A06B1594B40 /* Pods-Minimal-To-do-List.release.xcconfig */,
			);
			path = Pods;
			sourceTree = "<group>";
		};
/* End PBXGroup section */

/* Begin PBXNativeTarget section */
		6D7AD8D82C0409390012737F /* Minimal-To-do-List */ = {
			isa = PBXNativeTarget;
			buildConfigurationList = 6D7AD8ED2C04093C0012737F /* Build configuration list for PBXNativeTarget "Minimal-To-do-List" */;
			buildPhases = (
				7F721AAA034D9B2B867ECCDD /* [CP] Check Pods Manifest.lock */,
				6D7AD8F62C0411210012737F /* ShellScript */,
				6D7AD8D52C0409390012737F /* Sources */,
				6D7AD8D62C0409390012737F /* Frameworks */,
				6D7AD8D72C0409390012737F /* Resources */,
				DE07D6357FA1B902B29064C8 /* [CP] Embed Pods Frameworks */,
			);
			buildRules = (
			);
			dependencies = (
			);
			name = "Minimal-To-do-List";
			productName = "Minimal-To-do-List";
			productReference = 6D7AD8D92C0409390012737F /* Minimal-To-do-List.app */;
			productType = "com.apple.product-type.application";
		};
/* End PBXNativeTarget section */

/* Begin PBXProject section */
		6D7AD8D12C0409390012737F /* Project object */ = {
			isa = PBXProject;
			attributes = {
				BuildIndependentTargetsInParallel = 1;
				LastSwiftUpdateCheck = 1530;
				LastUpgradeCheck = 1530;
				TargetAttributes = {
					6D7AD8D82C0409390012737F = {
						CreatedOnToolsVersion = 15.3;
					};
				};
			};
			buildConfigurationList = 6D7AD8D42C0409390012737F /* Build configuration list for PBXProject "Minimal-To-do-List" */;
			compatibilityVersion = "Xcode 14.0";
			developmentRegion = en;
			hasScannedForEncodings = 0;
			knownRegions = (
				en,
				Base,
			);
			mainGroup = 6D7AD8D02C0409390012737F;
			productRefGroup = 6D7AD8DA2C0409390012737F /* Products */;
			projectDirPath = "";
			projectRoot = "";
			targets = (
				6D7AD8D82C0409390012737F /* Minimal-To-do-List */,
			);
		};
/* End PBXProject section */

/* Begin PBXResourcesBuildPhase section */
		6D7AD8D72C0409390012737F /* Resources */ = {
			isa = PBXResourcesBuildPhase;
			buildActionMask = 2147483647;
			files = (
				6D7AD91B2C04DD090012737F /* Rubik-Regular.ttf in Resources */,
				6D7AD8E62C04093C0012737F /* Assets.xcassets in Resources */,
				6D7AD8E92C04093C0012737F /* Base in Resources */,
			);
			runOnlyForDeploymentPostprocessing = 0;
		};
/* End PBXResourcesBuildPhase section */

/* Begin PBXShellScriptBuildPhase section */
		6D7AD8F62C0411210012737F /* ShellScript */ = {
			isa = PBXShellScriptBuildPhase;
			alwaysOutOfDate = 1;
			buildActionMask = 2147483647;
			files = (
			);
			inputFileListPaths = (
			);
			inputPaths = (
			);
			outputFileListPaths = (
			);
			outputPaths = (
			);
			runOnlyForDeploymentPostprocessing = 0;
			shellPath = /bin/sh;
			shellScript = "export PATH=\"$PATH:/opt/homebrew/bin\"\nif which swiftlint > /dev/null; then\n  swiftlint\nelse\n  echo \"warning: SwiftLint not installed, download from https://github.com/realm/SwiftLint\"\nfi\n";
			showEnvVarsInLog = 0;
		};
		7F721AAA034D9B2B867ECCDD /* [CP] Check Pods Manifest.lock */ = {
			isa = PBXShellScriptBuildPhase;
			buildActionMask = 2147483647;
			files = (
			);
			inputFileListPaths = (
			);
			inputPaths = (
				"${PODS_PODFILE_DIR_PATH}/Podfile.lock",
				"${PODS_ROOT}/Manifest.lock",
			);
			name = "[CP] Check Pods Manifest.lock";
			outputFileListPaths = (
			);
			outputPaths = (
				"$(DERIVED_FILE_DIR)/Pods-Minimal-To-do-List-checkManifestLockResult.txt",
			);
			runOnlyForDeploymentPostprocessing = 0;
			shellPath = /bin/sh;
			shellScript = "diff \"${PODS_PODFILE_DIR_PATH}/Podfile.lock\" \"${PODS_ROOT}/Manifest.lock\" > /dev/null\nif [ $? != 0 ] ; then\n    # print error to STDERR\n    echo \"error: The sandbox is not in sync with the Podfile.lock. Run 'pod install' or update your CocoaPods installation.\" >&2\n    exit 1\nfi\n# This output is used by Xcode 'outputs' to avoid re-running this script phase.\necho \"SUCCESS\" > \"${SCRIPT_OUTPUT_FILE_0}\"\n";
			showEnvVarsInLog = 0;
		};
		DE07D6357FA1B902B29064C8 /* [CP] Embed Pods Frameworks */ = {
			isa = PBXShellScriptBuildPhase;
			buildActionMask = 2147483647;
			files = (
			);
			inputFileListPaths = (
				"${PODS_ROOT}/Target Support Files/Pods-Minimal-To-do-List/Pods-Minimal-To-do-List-frameworks-${CONFIGURATION}-input-files.xcfilelist",
			);
			name = "[CP] Embed Pods Frameworks";
			outputFileListPaths = (
				"${PODS_ROOT}/Target Support Files/Pods-Minimal-To-do-List/Pods-Minimal-To-do-List-frameworks-${CONFIGURATION}-output-files.xcfilelist",
			);
			runOnlyForDeploymentPostprocessing = 0;
			shellPath = /bin/sh;
			shellScript = "\"${PODS_ROOT}/Target Support Files/Pods-Minimal-To-do-List/Pods-Minimal-To-do-List-frameworks.sh\"\n";
			showEnvVarsInLog = 0;
		};
/* End PBXShellScriptBuildPhase section */

/* Begin PBXSourcesBuildPhase section */
		6D7AD8D52C0409390012737F /* Sources */ = {
			isa = PBXSourcesBuildPhase;
			buildActionMask = 2147483647;
			files = (
				6D7AD8F52C0410130012737F /* TaskTableViewCell.swift in Sources */,
				6D7AD8FB2C04D7480012737F /* Extensions.swift in Sources */,
				6D7AD8F82C04284A0012737F /* NewTaskView.swift in Sources */,
				6D7AD8E12C0409390012737F /* ToDoViewController.swift in Sources */,
				6D7AD8DD2C0409390012737F /* AppDelegate.swift in Sources */,
				6D7AD8DF2C0409390012737F /* SceneDelegate.swift in Sources */,
			);
			runOnlyForDeploymentPostprocessing = 0;
		};
/* End PBXSourcesBuildPhase section */

/* Begin PBXVariantGroup section */
		6D7AD8E72C04093C0012737F /* LaunchScreen.storyboard */ = {
			isa = PBXVariantGroup;
			children = (
				6D7AD8E82C04093C0012737F /* Base */,
			);
			name = LaunchScreen.storyboard;
			sourceTree = "<group>";
		};
/* End PBXVariantGroup section */

/* Begin XCBuildConfiguration section */
		6D7AD8EB2C04093C0012737F /* Debug */ = {
			isa = XCBuildConfiguration;
			buildSettings = {
				ALWAYS_SEARCH_USER_PATHS = NO;
				ASSETCATALOG_COMPILER_GENERATE_SWIFT_ASSET_SYMBOL_EXTENSIONS = YES;
				CLANG_ANALYZER_NONNULL = YES;
				CLANG_ANALYZER_NUMBER_OBJECT_CONVERSION = YES_AGGRESSIVE;
				CLANG_CXX_LANGUAGE_STANDARD = "gnu++20";
				CLANG_ENABLE_MODULES = YES;
				CLANG_ENABLE_OBJC_ARC = YES;
				CLANG_ENABLE_OBJC_WEAK = YES;
				CLANG_WARN_BLOCK_CAPTURE_AUTORELEASING = YES;
				CLANG_WARN_BOOL_CONVERSION = YES;
				CLANG_WARN_COMMA = YES;
				CLANG_WARN_CONSTANT_CONVERSION = YES;
				CLANG_WARN_DEPRECATED_OBJC_IMPLEMENTATIONS = YES;
				CLANG_WARN_DIRECT_OBJC_ISA_USAGE = YES_ERROR;
				CLANG_WARN_DOCUMENTATION_COMMENTS = YES;
				CLANG_WARN_EMPTY_BODY = YES;
				CLANG_WARN_ENUM_CONVERSION = YES;
				CLANG_WARN_INFINITE_RECURSION = YES;
				CLANG_WARN_INT_CONVERSION = YES;
				CLANG_WARN_NON_LITERAL_NULL_CONVERSION = YES;
				CLANG_WARN_OBJC_IMPLICIT_RETAIN_SELF = YES;
				CLANG_WARN_OBJC_LITERAL_CONVERSION = YES;
				CLANG_WARN_OBJC_ROOT_CLASS = YES_ERROR;
				CLANG_WARN_QUOTED_INCLUDE_IN_FRAMEWORK_HEADER = YES;
				CLANG_WARN_RANGE_LOOP_ANALYSIS = YES;
				CLANG_WARN_STRICT_PROTOTYPES = YES;
				CLANG_WARN_SUSPICIOUS_MOVE = YES;
				CLANG_WARN_UNGUARDED_AVAILABILITY = YES_AGGRESSIVE;
				CLANG_WARN_UNREACHABLE_CODE = YES;
				CLANG_WARN__DUPLICATE_METHOD_MATCH = YES;
				COPY_PHASE_STRIP = NO;
				DEBUG_INFORMATION_FORMAT = dwarf;
				ENABLE_STRICT_OBJC_MSGSEND = YES;
				ENABLE_TESTABILITY = YES;
				ENABLE_USER_SCRIPT_SANDBOXING = YES;
				GCC_C_LANGUAGE_STANDARD = gnu17;
				GCC_DYNAMIC_NO_PIC = NO;
				GCC_NO_COMMON_BLOCKS = YES;
				GCC_OPTIMIZATION_LEVEL = 0;
				GCC_PREPROCESSOR_DEFINITIONS = (
					"DEBUG=1",
					"$(inherited)",
				);
				GCC_WARN_64_TO_32_BIT_CONVERSION = YES;
				GCC_WARN_ABOUT_RETURN_TYPE = YES_ERROR;
				GCC_WARN_UNDECLARED_SELECTOR = YES;
				GCC_WARN_UNINITIALIZED_AUTOS = YES_AGGRESSIVE;
				GCC_WARN_UNUSED_FUNCTION = YES;
				GCC_WARN_UNUSED_VARIABLE = YES;
				IPHONEOS_DEPLOYMENT_TARGET = 17.4;
				LOCALIZATION_PREFERS_STRING_CATALOGS = YES;
				MTL_ENABLE_DEBUG_INFO = INCLUDE_SOURCE;
				MTL_FAST_MATH = YES;
				ONLY_ACTIVE_ARCH = YES;
				SDKROOT = iphoneos;
				SWIFT_ACTIVE_COMPILATION_CONDITIONS = "DEBUG $(inherited)";
				SWIFT_OPTIMIZATION_LEVEL = "-Onone";
			};
			name = Debug;
		};
		6D7AD8EC2C04093C0012737F /* Release */ = {
			isa = XCBuildConfiguration;
			buildSettings = {
				ALWAYS_SEARCH_USER_PATHS = NO;
				ASSETCATALOG_COMPILER_GENERATE_SWIFT_ASSET_SYMBOL_EXTENSIONS = YES;
				CLANG_ANALYZER_NONNULL = YES;
				CLANG_ANALYZER_NUMBER_OBJECT_CONVERSION = YES_AGGRESSIVE;
				CLANG_CXX_LANGUAGE_STANDARD = "gnu++20";
				CLANG_ENABLE_MODULES = YES;
				CLANG_ENABLE_OBJC_ARC = YES;
				CLANG_ENABLE_OBJC_WEAK = YES;
				CLANG_WARN_BLOCK_CAPTURE_AUTORELEASING = YES;
				CLANG_WARN_BOOL_CONVERSION = YES;
				CLANG_WARN_COMMA = YES;
				CLANG_WARN_CONSTANT_CONVERSION = YES;
				CLANG_WARN_DEPRECATED_OBJC_IMPLEMENTATIONS = YES;
				CLANG_WARN_DIRECT_OBJC_ISA_USAGE = YES_ERROR;
				CLANG_WARN_DOCUMENTATION_COMMENTS = YES;
				CLANG_WARN_EMPTY_BODY = YES;
				CLANG_WARN_ENUM_CONVERSION = YES;
				CLANG_WARN_INFINITE_RECURSION = YES;
				CLANG_WARN_INT_CONVERSION = YES;
				CLANG_WARN_NON_LITERAL_NULL_CONVERSION = YES;
				CLANG_WARN_OBJC_IMPLICIT_RETAIN_SELF = YES;
				CLANG_WARN_OBJC_LITERAL_CONVERSION = YES;
				CLANG_WARN_OBJC_ROOT_CLASS = YES_ERROR;
				CLANG_WARN_QUOTED_INCLUDE_IN_FRAMEWORK_HEADER = YES;
				CLANG_WARN_RANGE_LOOP_ANALYSIS = YES;
				CLANG_WARN_STRICT_PROTOTYPES = YES;
				CLANG_WARN_SUSPICIOUS_MOVE = YES;
				CLANG_WARN_UNGUARDED_AVAILABILITY = YES_AGGRESSIVE;
				CLANG_WARN_UNREACHABLE_CODE = YES;
				CLANG_WARN__DUPLICATE_METHOD_MATCH = YES;
				COPY_PHASE_STRIP = NO;
				DEBUG_INFORMATION_FORMAT = "dwarf-with-dsym";
				ENABLE_NS_ASSERTIONS = NO;
				ENABLE_STRICT_OBJC_MSGSEND = YES;
				ENABLE_USER_SCRIPT_SANDBOXING = YES;
				GCC_C_LANGUAGE_STANDARD = gnu17;
				GCC_NO_COMMON_BLOCKS = YES;
				GCC_WARN_64_TO_32_BIT_CONVERSION = YES;
				GCC_WARN_ABOUT_RETURN_TYPE = YES_ERROR;
				GCC_WARN_UNDECLARED_SELECTOR = YES;
				GCC_WARN_UNINITIALIZED_AUTOS = YES_AGGRESSIVE;
				GCC_WARN_UNUSED_FUNCTION = YES;
				GCC_WARN_UNUSED_VARIABLE = YES;
				IPHONEOS_DEPLOYMENT_TARGET = 17.4;
				LOCALIZATION_PREFERS_STRING_CATALOGS = YES;
				MTL_ENABLE_DEBUG_INFO = NO;
				MTL_FAST_MATH = YES;
				SDKROOT = iphoneos;
				SWIFT_COMPILATION_MODE = wholemodule;
				VALIDATE_PRODUCT = YES;
			};
			name = Release;
		};
		6D7AD8EE2C04093C0012737F /* Debug */ = {
			isa = XCBuildConfiguration;
			baseConfigurationReference = 8B9476B429D3A24688F4CB0E /* Pods-Minimal-To-do-List.debug.xcconfig */;
			buildSettings = {
				ASSETCATALOG_COMPILER_APPICON_NAME = AppIcon;
				ASSETCATALOG_COMPILER_GLOBAL_ACCENT_COLOR_NAME = AccentColor;
				CODE_SIGN_STYLE = Automatic;
				CURRENT_PROJECT_VERSION = 1;
				DEVELOPMENT_TEAM = T2NP32FJ4X;
				ENABLE_USER_SCRIPT_SANDBOXING = NO;
				GENERATE_INFOPLIST_FILE = YES;
				INFOPLIST_FILE = "Minimal-To-do-List/Resources/Info.plist";
				INFOPLIST_KEY_UIApplicationSupportsIndirectInputEvents = YES;
				INFOPLIST_KEY_UILaunchStoryboardName = LaunchScreen;
				INFOPLIST_KEY_UISupportedInterfaceOrientations_iPad = "UIInterfaceOrientationPortrait UIInterfaceOrientationPortraitUpsideDown UIInterfaceOrientationLandscapeLeft UIInterfaceOrientationLandscapeRight";
				INFOPLIST_KEY_UISupportedInterfaceOrientations_iPhone = "UIInterfaceOrientationPortrait UIInterfaceOrientationLandscapeLeft UIInterfaceOrientationLandscapeRight";
				LD_RUNPATH_SEARCH_PATHS = (
					"$(inherited)",
					"@executable_path/Frameworks",
				);
				MARKETING_VERSION = 1.0;
				PRODUCT_BUNDLE_IDENTIFIER = "M7nd.Minimal-To-do-List";
				PRODUCT_NAME = "$(TARGET_NAME)";
				SWIFT_EMIT_LOC_STRINGS = YES;
				SWIFT_VERSION = 5.0;
				TARGETED_DEVICE_FAMILY = "1,2";
			};
			name = Debug;
		};
		6D7AD8EF2C04093C0012737F /* Release */ = {
			isa = XCBuildConfiguration;
			baseConfigurationReference = 55F52D90FBE20A06B1594B40 /* Pods-Minimal-To-do-List.release.xcconfig */;
			buildSettings = {
				ASSETCATALOG_COMPILER_APPICON_NAME = AppIcon;
				ASSETCATALOG_COMPILER_GLOBAL_ACCENT_COLOR_NAME = AccentColor;
				CODE_SIGN_STYLE = Automatic;
				CURRENT_PROJECT_VERSION = 1;
				DEVELOPMENT_TEAM = T2NP32FJ4X;
				ENABLE_USER_SCRIPT_SANDBOXING = NO;
				GENERATE_INFOPLIST_FILE = YES;
				INFOPLIST_FILE = "Minimal-To-do-List/Resources/Info.plist";
				INFOPLIST_KEY_UIApplicationSupportsIndirectInputEvents = YES;
				INFOPLIST_KEY_UILaunchStoryboardName = LaunchScreen;
				INFOPLIST_KEY_UISupportedInterfaceOrientations_iPad = "UIInterfaceOrientationPortrait UIInterfaceOrientationPortraitUpsideDown UIInterfaceOrientationLandscapeLeft UIInterfaceOrientationLandscapeRight";
				INFOPLIST_KEY_UISupportedInterfaceOrientations_iPhone = "UIInterfaceOrientationPortrait UIInterfaceOrientationLandscapeLeft UIInterfaceOrientationLandscapeRight";
				LD_RUNPATH_SEARCH_PATHS = (
					"$(inherited)",
					"@executable_path/Frameworks",
				);
				MARKETING_VERSION = 1.0;
				PRODUCT_BUNDLE_IDENTIFIER = "M7nd.Minimal-To-do-List";
				PRODUCT_NAME = "$(TARGET_NAME)";
				SWIFT_EMIT_LOC_STRINGS = YES;
				SWIFT_VERSION = 5.0;
				TARGETED_DEVICE_FAMILY = "1,2";
			};
			name = Release;
		};
/* End XCBuildConfiguration section */

/* Begin XCConfigurationList section */
		6D7AD8D42C0409390012737F /* Build configuration list for PBXProject "Minimal-To-do-List" */ = {
			isa = XCConfigurationList;
			buildConfigurations = (
				6D7AD8EB2C04093C0012737F /* Debug */,
				6D7AD8EC2C04093C0012737F /* Release */,
			);
			defaultConfigurationIsVisible = 0;
			defaultConfigurationName = Release;
		};
		6D7AD8ED2C04093C0012737F /* Build configuration list for PBXNativeTarget "Minimal-To-do-List" */ = {
			isa = XCConfigurationList;
			buildConfigurations = (
				6D7AD8EE2C04093C0012737F /* Debug */,
				6D7AD8EF2C04093C0012737F /* Release */,
			);
			defaultConfigurationIsVisible = 0;
			defaultConfigurationName = Release;
		};
/* End XCConfigurationList section */
	};
	rootObject = 6D7AD8D12C0409390012737F /* Project object */;
}
